// !$*UTF8*$!
{
	archiveVersion = 1;
	classes = {
	};
	objectVersion = 56;
	objects = {

/* Begin PBXBuildFile section */
		615A54F52C4A5FF6001171CA /* inscriptionUserView.swift in Sources */ = {isa = PBXBuildFile; fileRef = 615A54F42C4A5FF6001171CA /* inscriptionUserView.swift */; };
		70229E2C2C5D2013009AF806 /* OnboardingView.swift in Sources */ = {isa = PBXBuildFile; fileRef = 70229E2B2C5D2013009AF806 /* OnboardingView.swift */; };
		70229E312C5D2FDA009AF806 /* FocusHeartCoherence.swift in Sources */ = {isa = PBXBuildFile; fileRef = 70229E2D2C5D2FDA009AF806 /* FocusHeartCoherence.swift */; };
		70229E322C5D2FDA009AF806 /* FocusHeartCoherenceBreathInBreathOut.swift in Sources */ = {isa = PBXBuildFile; fileRef = 70229E2E2C5D2FDA009AF806 /* FocusHeartCoherenceBreathInBreathOut.swift */; };
		70229E332C5D2FDA009AF806 /* FocusHeartCoherenceTimer.swift in Sources */ = {isa = PBXBuildFile; fileRef = 70229E2F2C5D2FDA009AF806 /* FocusHeartCoherenceTimer.swift */; };
		703C66B82C47FBF300B0AF52 /* FocalityApp.swift in Sources */ = {isa = PBXBuildFile; fileRef = 703C66B72C47FBF300B0AF52 /* FocalityApp.swift */; };
		703C66BA2C47FBF300B0AF52 /* ContentView.swift in Sources */ = {isa = PBXBuildFile; fileRef = 703C66B92C47FBF300B0AF52 /* ContentView.swift */; };
		703C66BC2C47FBF300B0AF52 /* Item.swift in Sources */ = {isa = PBXBuildFile; fileRef = 703C66BB2C47FBF300B0AF52 /* Item.swift */; };
		703C66BE2C47FBF300B0AF52 /* Assets.xcassets in Resources */ = {isa = PBXBuildFile; fileRef = 703C66BD2C47FBF300B0AF52 /* Assets.xcassets */; };
		703C66C12C47FBF300B0AF52 /* Preview Assets.xcassets in Resources */ = {isa = PBXBuildFile; fileRef = 703C66C02C47FBF300B0AF52 /* Preview Assets.xcassets */; };
		70E0F9942C49181C0085BDAA /* UserViewModel.swift in Sources */ = {isa = PBXBuildFile; fileRef = 70E0F9932C49181B0085BDAA /* UserViewModel.swift */; };
		70E0F9962C4918290085BDAA /* RewardViewModel.swift in Sources */ = {isa = PBXBuildFile; fileRef = 70E0F9952C4918290085BDAA /* RewardViewModel.swift */; };
		70E0F9982C4918620085BDAA /* ReminderViewModel.swift in Sources */ = {isa = PBXBuildFile; fileRef = 70E0F9972C4918620085BDAA /* ReminderViewModel.swift */; };
		70E0F99A2C4918750085BDAA /* GoalViewModel.swift in Sources */ = {isa = PBXBuildFile; fileRef = 70E0F9992C4918750085BDAA /* GoalViewModel.swift */; };
		70E0F99C2C49189C0085BDAA /* ChallengeViewModel.swift in Sources */ = {isa = PBXBuildFile; fileRef = 70E0F99B2C49189C0085BDAA /* ChallengeViewModel.swift */; };
		70E0F99E2C4918AA0085BDAA /* TimerViewModel.swift in Sources */ = {isa = PBXBuildFile; fileRef = 70E0F99D2C4918AA0085BDAA /* TimerViewModel.swift */; };
		70F0EAA02C4810070098A202 /* User.swift in Sources */ = {isa = PBXBuildFile; fileRef = 70F0EA9F2C4810070098A202 /* User.swift */; };
		70F0EAA22C48101A0098A202 /* Reward.swift in Sources */ = {isa = PBXBuildFile; fileRef = 70F0EAA12C48101A0098A202 /* Reward.swift */; };
		70F0EAA42C4810240098A202 /* Reminder.swift in Sources */ = {isa = PBXBuildFile; fileRef = 70F0EAA32C4810240098A202 /* Reminder.swift */; };
		70F0EAA62C48102E0098A202 /* Goal.swift in Sources */ = {isa = PBXBuildFile; fileRef = 70F0EAA52C48102E0098A202 /* Goal.swift */; };
		70F0EAA82C4810380098A202 /* Challenge.swift in Sources */ = {isa = PBXBuildFile; fileRef = 70F0EAA72C4810380098A202 /* Challenge.swift */; };
		70F0EAAA2C4810490098A202 /* TimerPomodoro.swift in Sources */ = {isa = PBXBuildFile; fileRef = 70F0EAA92C4810490098A202 /* TimerPomodoro.swift */; };
		769BE1A72C58DB1C00CA6B95 /* GoalView.swift in Sources */ = {isa = PBXBuildFile; fileRef = 769BE1A62C58DB1C00CA6B95 /* GoalView.swift */; };
		A50A04782C5B70C60057D436 /* SplashView.swift in Sources */ = {isa = PBXBuildFile; fileRef = A50A04772C5B70C60057D436 /* SplashView.swift */; };
		A50A047B2C5BBC0D0057D436 /* TextFieldView.swift in Sources */ = {isa = PBXBuildFile; fileRef = A50A047A2C5BBC0D0057D436 /* TextFieldView.swift */; };
		A50A047E2C5BBCF90057D436 /* ForgotPasswordView.swift in Sources */ = {isa = PBXBuildFile; fileRef = A50A047D2C5BBCF90057D436 /* ForgotPasswordView.swift */; };
		A59A41992C58E60B00029633 /* AuthView.swift in Sources */ = {isa = PBXBuildFile; fileRef = A59A41982C58E60B00029633 /* AuthView.swift */; };
		A59A419B2C58E62100029633 /* AuthViewModel.swift in Sources */ = {isa = PBXBuildFile; fileRef = A59A419A2C58E62100029633 /* AuthViewModel.swift */; };
		A5F899B02C4C37790052CBEB /* GamificationProfileView.swift in Sources */ = {isa = PBXBuildFile; fileRef = A5F899AF2C4C37790052CBEB /* GamificationProfileView.swift */; };
		A5F899B22C4C37C70052CBEB /* ChallengeRowView.swift in Sources */ = {isa = PBXBuildFile; fileRef = A5F899B12C4C37C70052CBEB /* ChallengeRowView.swift */; };
		A5F899B42C4C37D60052CBEB /* NextRewardCardView.swift in Sources */ = {isa = PBXBuildFile; fileRef = A5F899B32C4C37D60052CBEB /* NextRewardCardView.swift */; };
		A5F899B62C4C4AF50052CBEB /* RewardListView.swift in Sources */ = {isa = PBXBuildFile; fileRef = A5F899B52C4C4AF50052CBEB /* RewardListView.swift */; };
		A5F899B82C4C4B6D0052CBEB /* RewardRowView.swift in Sources */ = {isa = PBXBuildFile; fileRef = A5F899B72C4C4B6D0052CBEB /* RewardRowView.swift */; };
		A5F899BA2C4C4D520052CBEB /* CustomButton.swift in Sources */ = {isa = PBXBuildFile; fileRef = A5F899B92C4C4D520052CBEB /* CustomButton.swift */; };
		A5F899BC2C4C510B0052CBEB /* PointsView.swift in Sources */ = {isa = PBXBuildFile; fileRef = A5F899BB2C4C510B0052CBEB /* PointsView.swift */; };
		E92E8F0F2C493CFE004B0403 /* TimerView.swift in Sources */ = {isa = PBXBuildFile; fileRef = E92E8F0E2C493CFE004B0403 /* TimerView.swift */; };
		E95F359B2C58D2D40047BB19 /* ReminderView.swift in Sources */ = {isa = PBXBuildFile; fileRef = E95F359A2C58D2D40047BB19 /* ReminderView.swift */; };
		E9F5CC342C5790ED0098BACA /* SettingModalView.swift in Sources */ = {isa = PBXBuildFile; fileRef = E9F5CC332C5790ED0098BACA /* SettingModalView.swift */; };
/* End PBXBuildFile section */

/* Begin PBXFileReference section */
		615A54F42C4A5FF6001171CA /* inscriptionUserView.swift */ = {isa = PBXFileReference; lastKnownFileType = sourcecode.swift; path = inscriptionUserView.swift; sourceTree = "<group>"; };
		70229E2B2C5D2013009AF806 /* OnboardingView.swift */ = {isa = PBXFileReference; lastKnownFileType = sourcecode.swift; path = OnboardingView.swift; sourceTree = "<group>"; };
		70229E2D2C5D2FDA009AF806 /* FocusHeartCoherence.swift */ = {isa = PBXFileReference; fileEncoding = 4; lastKnownFileType = sourcecode.swift; path = FocusHeartCoherence.swift; sourceTree = "<group>"; };
		70229E2E2C5D2FDA009AF806 /* FocusHeartCoherenceBreathInBreathOut.swift */ = {isa = PBXFileReference; fileEncoding = 4; lastKnownFileType = sourcecode.swift; path = FocusHeartCoherenceBreathInBreathOut.swift; sourceTree = "<group>"; };
		70229E2F2C5D2FDA009AF806 /* FocusHeartCoherenceTimer.swift */ = {isa = PBXFileReference; fileEncoding = 4; lastKnownFileType = sourcecode.swift; path = FocusHeartCoherenceTimer.swift; sourceTree = "<group>"; };
		703C66B42C47FBF300B0AF52 /* Focality.app */ = {isa = PBXFileReference; explicitFileType = wrapper.application; includeInIndex = 0; path = Focality.app; sourceTree = BUILT_PRODUCTS_DIR; };
		703C66B72C47FBF300B0AF52 /* FocalityApp.swift */ = {isa = PBXFileReference; lastKnownFileType = sourcecode.swift; path = FocalityApp.swift; sourceTree = "<group>"; };
		703C66B92C47FBF300B0AF52 /* ContentView.swift */ = {isa = PBXFileReference; lastKnownFileType = sourcecode.swift; path = ContentView.swift; sourceTree = "<group>"; };
		703C66BB2C47FBF300B0AF52 /* Item.swift */ = {isa = PBXFileReference; lastKnownFileType = sourcecode.swift; path = Item.swift; sourceTree = "<group>"; };
		703C66BD2C47FBF300B0AF52 /* Assets.xcassets */ = {isa = PBXFileReference; lastKnownFileType = folder.assetcatalog; path = Assets.xcassets; sourceTree = "<group>"; };
		703C66C02C47FBF300B0AF52 /* Preview Assets.xcassets */ = {isa = PBXFileReference; lastKnownFileType = folder.assetcatalog; path = "Preview Assets.xcassets"; sourceTree = "<group>"; };
		70E0F9932C49181B0085BDAA /* UserViewModel.swift */ = {isa = PBXFileReference; lastKnownFileType = sourcecode.swift; path = UserViewModel.swift; sourceTree = "<group>"; };
		70E0F9952C4918290085BDAA /* RewardViewModel.swift */ = {isa = PBXFileReference; lastKnownFileType = sourcecode.swift; path = RewardViewModel.swift; sourceTree = "<group>"; };
		70E0F9972C4918620085BDAA /* ReminderViewModel.swift */ = {isa = PBXFileReference; lastKnownFileType = sourcecode.swift; path = ReminderViewModel.swift; sourceTree = "<group>"; };
		70E0F9992C4918750085BDAA /* GoalViewModel.swift */ = {isa = PBXFileReference; lastKnownFileType = sourcecode.swift; path = GoalViewModel.swift; sourceTree = "<group>"; };
		70E0F99B2C49189C0085BDAA /* ChallengeViewModel.swift */ = {isa = PBXFileReference; lastKnownFileType = sourcecode.swift; path = ChallengeViewModel.swift; sourceTree = "<group>"; };
		70E0F99D2C4918AA0085BDAA /* TimerViewModel.swift */ = {isa = PBXFileReference; lastKnownFileType = sourcecode.swift; path = TimerViewModel.swift; sourceTree = "<group>"; };
		70F0EA9F2C4810070098A202 /* User.swift */ = {isa = PBXFileReference; lastKnownFileType = sourcecode.swift; path = User.swift; sourceTree = "<group>"; };
		70F0EAA12C48101A0098A202 /* Reward.swift */ = {isa = PBXFileReference; lastKnownFileType = sourcecode.swift; path = Reward.swift; sourceTree = "<group>"; };
		70F0EAA32C4810240098A202 /* Reminder.swift */ = {isa = PBXFileReference; lastKnownFileType = sourcecode.swift; path = Reminder.swift; sourceTree = "<group>"; };
		70F0EAA52C48102E0098A202 /* Goal.swift */ = {isa = PBXFileReference; lastKnownFileType = sourcecode.swift; path = Goal.swift; sourceTree = "<group>"; };
		70F0EAA72C4810380098A202 /* Challenge.swift */ = {isa = PBXFileReference; lastKnownFileType = sourcecode.swift; path = Challenge.swift; sourceTree = "<group>"; };
		70F0EAA92C4810490098A202 /* TimerPomodoro.swift */ = {isa = PBXFileReference; lastKnownFileType = sourcecode.swift; path = TimerPomodoro.swift; sourceTree = "<group>"; };
		769BE1A62C58DB1C00CA6B95 /* GoalView.swift */ = {isa = PBXFileReference; lastKnownFileType = sourcecode.swift; path = GoalView.swift; sourceTree = "<group>"; };
		A50A04772C5B70C60057D436 /* SplashView.swift */ = {isa = PBXFileReference; lastKnownFileType = sourcecode.swift; path = SplashView.swift; sourceTree = "<group>"; };
		A50A047A2C5BBC0D0057D436 /* TextFieldView.swift */ = {isa = PBXFileReference; lastKnownFileType = sourcecode.swift; path = TextFieldView.swift; sourceTree = "<group>"; };
		A50A047D2C5BBCF90057D436 /* ForgotPasswordView.swift */ = {isa = PBXFileReference; fileEncoding = 4; lastKnownFileType = sourcecode.swift; path = ForgotPasswordView.swift; sourceTree = "<group>"; };
		A59A41982C58E60B00029633 /* AuthView.swift */ = {isa = PBXFileReference; lastKnownFileType = sourcecode.swift; path = AuthView.swift; sourceTree = "<group>"; };
		A59A419A2C58E62100029633 /* AuthViewModel.swift */ = {isa = PBXFileReference; lastKnownFileType = sourcecode.swift; path = AuthViewModel.swift; sourceTree = "<group>"; };
		A5F899AF2C4C37790052CBEB /* GamificationProfileView.swift */ = {isa = PBXFileReference; lastKnownFileType = sourcecode.swift; path = GamificationProfileView.swift; sourceTree = "<group>"; };
		A5F899B12C4C37C70052CBEB /* ChallengeRowView.swift */ = {isa = PBXFileReference; lastKnownFileType = sourcecode.swift; path = ChallengeRowView.swift; sourceTree = "<group>"; };
		A5F899B32C4C37D60052CBEB /* NextRewardCardView.swift */ = {isa = PBXFileReference; lastKnownFileType = sourcecode.swift; path = NextRewardCardView.swift; sourceTree = "<group>"; };
		A5F899B52C4C4AF50052CBEB /* RewardListView.swift */ = {isa = PBXFileReference; lastKnownFileType = sourcecode.swift; path = RewardListView.swift; sourceTree = "<group>"; };
		A5F899B72C4C4B6D0052CBEB /* RewardRowView.swift */ = {isa = PBXFileReference; lastKnownFileType = sourcecode.swift; path = RewardRowView.swift; sourceTree = "<group>"; };
		A5F899B92C4C4D520052CBEB /* CustomButton.swift */ = {isa = PBXFileReference; lastKnownFileType = sourcecode.swift; path = CustomButton.swift; sourceTree = "<group>"; };
		A5F899BB2C4C510B0052CBEB /* PointsView.swift */ = {isa = PBXFileReference; lastKnownFileType = sourcecode.swift; path = PointsView.swift; sourceTree = "<group>"; };
		E92E8F0E2C493CFE004B0403 /* TimerView.swift */ = {isa = PBXFileReference; lastKnownFileType = sourcecode.swift; path = TimerView.swift; sourceTree = "<group>"; };
		E95F359A2C58D2D40047BB19 /* ReminderView.swift */ = {isa = PBXFileReference; lastKnownFileType = sourcecode.swift; path = ReminderView.swift; sourceTree = "<group>"; };
		E9F5CC332C5790ED0098BACA /* SettingModalView.swift */ = {isa = PBXFileReference; lastKnownFileType = sourcecode.swift; path = SettingModalView.swift; sourceTree = "<group>"; };
/* End PBXFileReference section */

/* Begin PBXFrameworksBuildPhase section */
		703C66B12C47FBF300B0AF52 /* Frameworks */ = {
			isa = PBXFrameworksBuildPhase;
			buildActionMask = 2147483647;
			files = (
			);
			runOnlyForDeploymentPostprocessing = 0;
		};
/* End PBXFrameworksBuildPhase section */

/* Begin PBXGroup section */
		70229E302C5D2FDA009AF806 /* FocusHeartCoherence */ = {
			isa = PBXGroup;
			children = (
				70229E2D2C5D2FDA009AF806 /* FocusHeartCoherence.swift */,
				70229E2E2C5D2FDA009AF806 /* FocusHeartCoherenceBreathInBreathOut.swift */,
				70229E2F2C5D2FDA009AF806 /* FocusHeartCoherenceTimer.swift */,
			);
			path = FocusHeartCoherence;
			sourceTree = "<group>";
		};
		703C66AB2C47FBF200B0AF52 = {
			isa = PBXGroup;
			children = (
				703C66B62C47FBF300B0AF52 /* Focality */,
				703C66B52C47FBF300B0AF52 /* Products */,
			);
			sourceTree = "<group>";
		};
		703C66B52C47FBF300B0AF52 /* Products */ = {
			isa = PBXGroup;
			children = (
				703C66B42C47FBF300B0AF52 /* Focality.app */,
			);
			name = Products;
			sourceTree = "<group>";
		};
		703C66B62C47FBF300B0AF52 /* Focality */ = {
			isa = PBXGroup;
			children = (
				703C66B72C47FBF300B0AF52 /* FocalityApp.swift */,
				703C66B92C47FBF300B0AF52 /* ContentView.swift */,
				703C66BB2C47FBF300B0AF52 /* Item.swift */,
				A50A04772C5B70C60057D436 /* SplashView.swift */,
				E92E8F0D2C493CE6004B0403 /* Views */,
				70F0EA9C2C480F3A0098A202 /* Models */,
				70F0EA9D2C480F410098A202 /* ViewModels */,
				A50A04792C5BBB8E0057D436 /* Components */,
				703C66BD2C47FBF300B0AF52 /* Assets.xcassets */,
				703C66BF2C47FBF300B0AF52 /* Preview Content */,
			);
			path = Focality;
			sourceTree = "<group>";
		};
		703C66BF2C47FBF300B0AF52 /* Preview Content */ = {
			isa = PBXGroup;
			children = (
				703C66C02C47FBF300B0AF52 /* Preview Assets.xcassets */,
			);
			path = "Preview Content";
			sourceTree = "<group>";
		};
		70F0EA9C2C480F3A0098A202 /* Models */ = {
			isa = PBXGroup;
			children = (
				70F0EA9F2C4810070098A202 /* User.swift */,
				70F0EAA12C48101A0098A202 /* Reward.swift */,
				70F0EAA32C4810240098A202 /* Reminder.swift */,
				70F0EAA52C48102E0098A202 /* Goal.swift */,
				70F0EAA72C4810380098A202 /* Challenge.swift */,
				70F0EAA92C4810490098A202 /* TimerPomodoro.swift */,
			);
			path = Models;
			sourceTree = "<group>";
		};
		70F0EA9D2C480F410098A202 /* ViewModels */ = {
			isa = PBXGroup;
			children = (
				70E0F9932C49181B0085BDAA /* UserViewModel.swift */,
				A59A419A2C58E62100029633 /* AuthViewModel.swift */,
				70E0F9952C4918290085BDAA /* RewardViewModel.swift */,
				70E0F9972C4918620085BDAA /* ReminderViewModel.swift */,
				70E0F9992C4918750085BDAA /* GoalViewModel.swift */,
				70E0F99B2C49189C0085BDAA /* ChallengeViewModel.swift */,
				70E0F99D2C4918AA0085BDAA /* TimerViewModel.swift */,
			);
			path = ViewModels;
			sourceTree = "<group>";
		};
		A50A04792C5BBB8E0057D436 /* Components */ = {
			isa = PBXGroup;
			children = (
				A5F899B92C4C4D520052CBEB /* CustomButton.swift */,
				A50A047A2C5BBC0D0057D436 /* TextFieldView.swift */,
			);
			path = Components;
			sourceTree = "<group>";
		};
		A59A41972C58E5A900029633 /* Authentification */ = {
			isa = PBXGroup;
			children = (
				A59A41982C58E60B00029633 /* AuthView.swift */,
				A50A047D2C5BBCF90057D436 /* ForgotPasswordView.swift */,
			);
			path = Authentification;
			sourceTree = "<group>";
		};
		A5F899BD2C4C5B430052CBEB /* Gamification */ = {
			isa = PBXGroup;
			children = (
				A5F899AF2C4C37790052CBEB /* GamificationProfileView.swift */,
				A5F899B12C4C37C70052CBEB /* ChallengeRowView.swift */,
				A5F899B52C4C4AF50052CBEB /* RewardListView.swift */,
				A5F899B72C4C4B6D0052CBEB /* RewardRowView.swift */,
				A5F899BB2C4C510B0052CBEB /* PointsView.swift */,
				A5F899B32C4C37D60052CBEB /* NextRewardCardView.swift */,
			);
			path = Gamification;
			sourceTree = "<group>";
		};
		E92E8F0D2C493CE6004B0403 /* Views */ = {
			isa = PBXGroup;
			children = (
				70229E302C5D2FDA009AF806 /* FocusHeartCoherence */,
				70229E2B2C5D2013009AF806 /* OnboardingView.swift */,
				A59A41972C58E5A900029633 /* Authentification */,
				A5F899BD2C4C5B430052CBEB /* Gamification */,
				E92E8F0E2C493CFE004B0403 /* TimerView.swift */,
				E95F359A2C58D2D40047BB19 /* ReminderView.swift */,
				615A54F42C4A5FF6001171CA /* inscriptionUserView.swift */,
				E9F5CC332C5790ED0098BACA /* SettingModalView.swift */,
				769BE1A62C58DB1C00CA6B95 /* GoalView.swift */,
			);
			path = Views;
			sourceTree = "<group>";
		};
/* End PBXGroup section */

/* Begin PBXNativeTarget section */
		703C66B32C47FBF300B0AF52 /* Focality */ = {
			isa = PBXNativeTarget;
			buildConfigurationList = 703C66C42C47FBF300B0AF52 /* Build configuration list for PBXNativeTarget "Focality" */;
			buildPhases = (
				703C66B02C47FBF300B0AF52 /* Sources */,
				703C66B12C47FBF300B0AF52 /* Frameworks */,
				703C66B22C47FBF300B0AF52 /* Resources */,
			);
			buildRules = (
			);
			dependencies = (
			);
			name = Focality;
			productName = Focality;
			productReference = 703C66B42C47FBF300B0AF52 /* Focality.app */;
			productType = "com.apple.product-type.application";
		};
/* End PBXNativeTarget section */

/* Begin PBXProject section */
		703C66AC2C47FBF200B0AF52 /* Project object */ = {
			isa = PBXProject;
			attributes = {
				BuildIndependentTargetsInParallel = 1;
				LastSwiftUpdateCheck = 1540;
				LastUpgradeCheck = 1540;
				TargetAttributes = {
					703C66B32C47FBF300B0AF52 = {
						CreatedOnToolsVersion = 15.4;
					};
				};
			};
			buildConfigurationList = 703C66AF2C47FBF200B0AF52 /* Build configuration list for PBXProject "Focality" */;
			compatibilityVersion = "Xcode 14.0";
			developmentRegion = en;
			hasScannedForEncodings = 0;
			knownRegions = (
				en,
				Base,
			);
			mainGroup = 703C66AB2C47FBF200B0AF52;
			productRefGroup = 703C66B52C47FBF300B0AF52 /* Products */;
			projectDirPath = "";
			projectRoot = "";
			targets = (
				703C66B32C47FBF300B0AF52 /* Focality */,
			);
		};
/* End PBXProject section */

/* Begin PBXResourcesBuildPhase section */
		703C66B22C47FBF300B0AF52 /* Resources */ = {
			isa = PBXResourcesBuildPhase;
			buildActionMask = 2147483647;
			files = (
				703C66C12C47FBF300B0AF52 /* Preview Assets.xcassets in Resources */,
				703C66BE2C47FBF300B0AF52 /* Assets.xcassets in Resources */,
			);
			runOnlyForDeploymentPostprocessing = 0;
		};
/* End PBXResourcesBuildPhase section */

/* Begin PBXSourcesBuildPhase section */
		703C66B02C47FBF300B0AF52 /* Sources */ = {
			isa = PBXSourcesBuildPhase;
			buildActionMask = 2147483647;
			files = (
				70E0F9982C4918620085BDAA /* ReminderViewModel.swift in Sources */,
				A5F899B02C4C37790052CBEB /* GamificationProfileView.swift in Sources */,
				70F0EAA02C4810070098A202 /* User.swift in Sources */,
				70229E312C5D2FDA009AF806 /* FocusHeartCoherence.swift in Sources */,
				A50A047B2C5BBC0D0057D436 /* TextFieldView.swift in Sources */,
				703C66BA2C47FBF300B0AF52 /* ContentView.swift in Sources */,
				A5F899B82C4C4B6D0052CBEB /* RewardRowView.swift in Sources */,
				A5F899B42C4C37D60052CBEB /* NextRewardCardView.swift in Sources */,
				E95F359B2C58D2D40047BB19 /* ReminderView.swift in Sources */,
				769BE1A72C58DB1C00CA6B95 /* GoalView.swift in Sources */,
				A5F899B62C4C4AF50052CBEB /* RewardListView.swift in Sources */,
				A5F899B22C4C37C70052CBEB /* ChallengeRowView.swift in Sources */,
				703C66BC2C47FBF300B0AF52 /* Item.swift in Sources */,
				70E0F9962C4918290085BDAA /* RewardViewModel.swift in Sources */,
				70229E2C2C5D2013009AF806 /* OnboardingView.swift in Sources */,
				E9F5CC342C5790ED0098BACA /* SettingModalView.swift in Sources */,
				70E0F9942C49181C0085BDAA /* UserViewModel.swift in Sources */,
				A5F899BC2C4C510B0052CBEB /* PointsView.swift in Sources */,
				E92E8F0F2C493CFE004B0403 /* TimerView.swift in Sources */,
				70F0EAA42C4810240098A202 /* Reminder.swift in Sources */,
				615A54F52C4A5FF6001171CA /* inscriptionUserView.swift in Sources */,
				703C66B82C47FBF300B0AF52 /* FocalityApp.swift in Sources */,
				A50A047E2C5BBCF90057D436 /* ForgotPasswordView.swift in Sources */,
				A59A41992C58E60B00029633 /* AuthView.swift in Sources */,
				A59A419B2C58E62100029633 /* AuthViewModel.swift in Sources */,
				A50A04782C5B70C60057D436 /* SplashView.swift in Sources */,
				70F0EAA82C4810380098A202 /* Challenge.swift in Sources */,
				70E0F99A2C4918750085BDAA /* GoalViewModel.swift in Sources */,
				70229E322C5D2FDA009AF806 /* FocusHeartCoherenceBreathInBreathOut.swift in Sources */,
				A5F899BA2C4C4D520052CBEB /* CustomButton.swift in Sources */,
				70E0F99E2C4918AA0085BDAA /* TimerViewModel.swift in Sources */,
				70E0F99C2C49189C0085BDAA /* ChallengeViewModel.swift in Sources */,
				70F0EAAA2C4810490098A202 /* TimerPomodoro.swift in Sources */,
				70F0EAA22C48101A0098A202 /* Reward.swift in Sources */,
				70229E332C5D2FDA009AF806 /* FocusHeartCoherenceTimer.swift in Sources */,
				70F0EAA62C48102E0098A202 /* Goal.swift in Sources */,
			);
			runOnlyForDeploymentPostprocessing = 0;
		};
/* End PBXSourcesBuildPhase section */

/* Begin XCBuildConfiguration section */
		703C66C22C47FBF300B0AF52 /* Debug */ = {
			isa = XCBuildConfiguration;
			buildSettings = {
				ALWAYS_SEARCH_USER_PATHS = NO;
				ASSETCATALOG_COMPILER_GENERATE_SWIFT_ASSET_SYMBOL_EXTENSIONS = YES;
				CLANG_ANALYZER_NONNULL = YES;
				CLANG_ANALYZER_NUMBER_OBJECT_CONVERSION = YES_AGGRESSIVE;
				CLANG_CXX_LANGUAGE_STANDARD = "gnu++20";
				CLANG_ENABLE_MODULES = YES;
				CLANG_ENABLE_OBJC_ARC = YES;
				CLANG_ENABLE_OBJC_WEAK = YES;
				CLANG_WARN_BLOCK_CAPTURE_AUTORELEASING = YES;
				CLANG_WARN_BOOL_CONVERSION = YES;
				CLANG_WARN_COMMA = YES;
				CLANG_WARN_CONSTANT_CONVERSION = YES;
				CLANG_WARN_DEPRECATED_OBJC_IMPLEMENTATIONS = YES;
				CLANG_WARN_DIRECT_OBJC_ISA_USAGE = YES_ERROR;
				CLANG_WARN_DOCUMENTATION_COMMENTS = YES;
				CLANG_WARN_EMPTY_BODY = YES;
				CLANG_WARN_ENUM_CONVERSION = YES;
				CLANG_WARN_INFINITE_RECURSION = YES;
				CLANG_WARN_INT_CONVERSION = YES;
				CLANG_WARN_NON_LITERAL_NULL_CONVERSION = YES;
				CLANG_WARN_OBJC_IMPLICIT_RETAIN_SELF = YES;
				CLANG_WARN_OBJC_LITERAL_CONVERSION = YES;
				CLANG_WARN_OBJC_ROOT_CLASS = YES_ERROR;
				CLANG_WARN_QUOTED_INCLUDE_IN_FRAMEWORK_HEADER = YES;
				CLANG_WARN_RANGE_LOOP_ANALYSIS = YES;
				CLANG_WARN_STRICT_PROTOTYPES = YES;
				CLANG_WARN_SUSPICIOUS_MOVE = YES;
				CLANG_WARN_UNGUARDED_AVAILABILITY = YES_AGGRESSIVE;
				CLANG_WARN_UNREACHABLE_CODE = YES;
				CLANG_WARN__DUPLICATE_METHOD_MATCH = YES;
				COPY_PHASE_STRIP = NO;
				DEBUG_INFORMATION_FORMAT = dwarf;
				ENABLE_STRICT_OBJC_MSGSEND = YES;
				ENABLE_TESTABILITY = YES;
				ENABLE_USER_SCRIPT_SANDBOXING = YES;
				GCC_C_LANGUAGE_STANDARD = gnu17;
				GCC_DYNAMIC_NO_PIC = NO;
				GCC_NO_COMMON_BLOCKS = YES;
				GCC_OPTIMIZATION_LEVEL = 0;
				GCC_PREPROCESSOR_DEFINITIONS = (
					"DEBUG=1",
					"$(inherited)",
				);
				GCC_WARN_64_TO_32_BIT_CONVERSION = YES;
				GCC_WARN_ABOUT_RETURN_TYPE = YES_ERROR;
				GCC_WARN_UNDECLARED_SELECTOR = YES;
				GCC_WARN_UNINITIALIZED_AUTOS = YES_AGGRESSIVE;
				GCC_WARN_UNUSED_FUNCTION = YES;
				GCC_WARN_UNUSED_VARIABLE = YES;
				IPHONEOS_DEPLOYMENT_TARGET = 17.5;
				LOCALIZATION_PREFERS_STRING_CATALOGS = YES;
				MTL_ENABLE_DEBUG_INFO = INCLUDE_SOURCE;
				MTL_FAST_MATH = YES;
				ONLY_ACTIVE_ARCH = YES;
				SDKROOT = iphoneos;
				SWIFT_ACTIVE_COMPILATION_CONDITIONS = "DEBUG $(inherited)";
				SWIFT_OPTIMIZATION_LEVEL = "-Onone";
			};
			name = Debug;
		};
		703C66C32C47FBF300B0AF52 /* Release */ = {
			isa = XCBuildConfiguration;
			buildSettings = {
				ALWAYS_SEARCH_USER_PATHS = NO;
				ASSETCATALOG_COMPILER_GENERATE_SWIFT_ASSET_SYMBOL_EXTENSIONS = YES;
				CLANG_ANALYZER_NONNULL = YES;
				CLANG_ANALYZER_NUMBER_OBJECT_CONVERSION = YES_AGGRESSIVE;
				CLANG_CXX_LANGUAGE_STANDARD = "gnu++20";
				CLANG_ENABLE_MODULES = YES;
				CLANG_ENABLE_OBJC_ARC = YES;
				CLANG_ENABLE_OBJC_WEAK = YES;
				CLANG_WARN_BLOCK_CAPTURE_AUTORELEASING = YES;
				CLANG_WARN_BOOL_CONVERSION = YES;
				CLANG_WARN_COMMA = YES;
				CLANG_WARN_CONSTANT_CONVERSION = YES;
				CLANG_WARN_DEPRECATED_OBJC_IMPLEMENTATIONS = YES;
				CLANG_WARN_DIRECT_OBJC_ISA_USAGE = YES_ERROR;
				CLANG_WARN_DOCUMENTATION_COMMENTS = YES;
				CLANG_WARN_EMPTY_BODY = YES;
				CLANG_WARN_ENUM_CONVERSION = YES;
				CLANG_WARN_INFINITE_RECURSION = YES;
				CLANG_WARN_INT_CONVERSION = YES;
				CLANG_WARN_NON_LITERAL_NULL_CONVERSION = YES;
				CLANG_WARN_OBJC_IMPLICIT_RETAIN_SELF = YES;
				CLANG_WARN_OBJC_LITERAL_CONVERSION = YES;
				CLANG_WARN_OBJC_ROOT_CLASS = YES_ERROR;
				CLANG_WARN_QUOTED_INCLUDE_IN_FRAMEWORK_HEADER = YES;
				CLANG_WARN_RANGE_LOOP_ANALYSIS = YES;
				CLANG_WARN_STRICT_PROTOTYPES = YES;
				CLANG_WARN_SUSPICIOUS_MOVE = YES;
				CLANG_WARN_UNGUARDED_AVAILABILITY = YES_AGGRESSIVE;
				CLANG_WARN_UNREACHABLE_CODE = YES;
				CLANG_WARN__DUPLICATE_METHOD_MATCH = YES;
				COPY_PHASE_STRIP = NO;
				DEBUG_INFORMATION_FORMAT = "dwarf-with-dsym";
				ENABLE_NS_ASSERTIONS = NO;
				ENABLE_STRICT_OBJC_MSGSEND = YES;
				ENABLE_USER_SCRIPT_SANDBOXING = YES;
				GCC_C_LANGUAGE_STANDARD = gnu17;
				GCC_NO_COMMON_BLOCKS = YES;
				GCC_WARN_64_TO_32_BIT_CONVERSION = YES;
				GCC_WARN_ABOUT_RETURN_TYPE = YES_ERROR;
				GCC_WARN_UNDECLARED_SELECTOR = YES;
				GCC_WARN_UNINITIALIZED_AUTOS = YES_AGGRESSIVE;
				GCC_WARN_UNUSED_FUNCTION = YES;
				GCC_WARN_UNUSED_VARIABLE = YES;
				IPHONEOS_DEPLOYMENT_TARGET = 17.5;
				LOCALIZATION_PREFERS_STRING_CATALOGS = YES;
				MTL_ENABLE_DEBUG_INFO = NO;
				MTL_FAST_MATH = YES;
				SDKROOT = iphoneos;
				SWIFT_COMPILATION_MODE = wholemodule;
				VALIDATE_PRODUCT = YES;
			};
			name = Release;
		};
		703C66C52C47FBF300B0AF52 /* Debug */ = {
			isa = XCBuildConfiguration;
			buildSettings = {
				ASSETCATALOG_COMPILER_APPICON_NAME = AppIcon;
				ASSETCATALOG_COMPILER_GLOBAL_ACCENT_COLOR_NAME = AccentColor;
				CODE_SIGN_STYLE = Automatic;
				CURRENT_PROJECT_VERSION = 1;
				DEVELOPMENT_ASSET_PATHS = "\"Focality/Preview Content\"";
				DEVELOPMENT_TEAM = U6NY5CL9BJ;
				ENABLE_PREVIEWS = YES;
				GENERATE_INFOPLIST_FILE = YES;
				INFOPLIST_KEY_UIApplicationSceneManifest_Generation = YES;
				INFOPLIST_KEY_UIApplicationSupportsIndirectInputEvents = YES;
				INFOPLIST_KEY_UILaunchScreen_Generation = YES;
				INFOPLIST_KEY_UISupportedInterfaceOrientations_iPad = "UIInterfaceOrientationPortrait UIInterfaceOrientationPortraitUpsideDown UIInterfaceOrientationLandscapeLeft UIInterfaceOrientationLandscapeRight";
				INFOPLIST_KEY_UISupportedInterfaceOrientations_iPhone = "UIInterfaceOrientationPortrait UIInterfaceOrientationLandscapeLeft UIInterfaceOrientationLandscapeRight";
				LD_RUNPATH_SEARCH_PATHS = (
					"$(inherited)",
					"@executable_path/Frameworks",
				);
				MARKETING_VERSION = 1.0;
				PRODUCT_BUNDLE_IDENTIFIER = Simplon.co.Focality;
				PRODUCT_NAME = "$(TARGET_NAME)";
				SWIFT_EMIT_LOC_STRINGS = YES;
				SWIFT_VERSION = 5.0;
				TARGETED_DEVICE_FAMILY = "1,2";
			};
			name = Debug;
		};
		703C66C62C47FBF300B0AF52 /* Release */ = {
			isa = XCBuildConfiguration;
			buildSettings = {
				ASSETCATALOG_COMPILER_APPICON_NAME = AppIcon;
				ASSETCATALOG_COMPILER_GLOBAL_ACCENT_COLOR_NAME = AccentColor;
				CODE_SIGN_STYLE = Automatic;
				CURRENT_PROJECT_VERSION = 1;
				DEVELOPMENT_ASSET_PATHS = "\"Focality/Preview Content\"";
				DEVELOPMENT_TEAM = U6NY5CL9BJ;
				ENABLE_PREVIEWS = YES;
				GENERATE_INFOPLIST_FILE = YES;
				INFOPLIST_KEY_UIApplicationSceneManifest_Generation = YES;
				INFOPLIST_KEY_UIApplicationSupportsIndirectInputEvents = YES;
				INFOPLIST_KEY_UILaunchScreen_Generation = YES;
				INFOPLIST_KEY_UISupportedInterfaceOrientations_iPad = "UIInterfaceOrientationPortrait UIInterfaceOrientationPortraitUpsideDown UIInterfaceOrientationLandscapeLeft UIInterfaceOrientationLandscapeRight";
				INFOPLIST_KEY_UISupportedInterfaceOrientations_iPhone = "UIInterfaceOrientationPortrait UIInterfaceOrientationLandscapeLeft UIInterfaceOrientationLandscapeRight";
				LD_RUNPATH_SEARCH_PATHS = (
					"$(inherited)",
					"@executable_path/Frameworks",
				);
				MARKETING_VERSION = 1.0;
				PRODUCT_BUNDLE_IDENTIFIER = Simplon.co.Focality;
				PRODUCT_NAME = "$(TARGET_NAME)";
				SWIFT_EMIT_LOC_STRINGS = YES;
				SWIFT_VERSION = 5.0;
				TARGETED_DEVICE_FAMILY = "1,2";
			};
			name = Release;
		};
/* End XCBuildConfiguration section */

/* Begin XCConfigurationList section */
		703C66AF2C47FBF200B0AF52 /* Build configuration list for PBXProject "Focality" */ = {
			isa = XCConfigurationList;
			buildConfigurations = (
				703C66C22C47FBF300B0AF52 /* Debug */,
				703C66C32C47FBF300B0AF52 /* Release */,
			);
			defaultConfigurationIsVisible = 0;
			defaultConfigurationName = Release;
		};
		703C66C42C47FBF300B0AF52 /* Build configuration list for PBXNativeTarget "Focality" */ = {
			isa = XCConfigurationList;
			buildConfigurations = (
				703C66C52C47FBF300B0AF52 /* Debug */,
				703C66C62C47FBF300B0AF52 /* Release */,
			);
			defaultConfigurationIsVisible = 0;
			defaultConfigurationName = Release;
		};
/* End XCConfigurationList section */
	};
	rootObject = 703C66AC2C47FBF200B0AF52 /* Project object */;
}
